{
    "_meta": {
        "hash": {
            "sha256": "c21dae42d688588b5c7c8506bd6c0ace641d10012019922bc5e893520a77c89c"
        },
        "pipfile-spec": 6,
        "requires": {
            "python_version": "3.7"
        },
        "sources": [
            {
                "name": "pypi",
                "url": "https://pypi.org/simple",
                "verify_ssl": true
            }
        ]
    },
    "default": {
        "beautifulsoup4": {
            "hashes": [
                "sha256:05668158c7b85b791c5abde53e50265e16f98ad601c402ba44d70f96c4159612",
                "sha256:25288c9e176f354bf277c0a10aa96c782a6a18a17122dba2e8cec4a97e03343b",
                "sha256:f040590be10520f2ea4c2ae8c3dae441c7cfff5308ec9d58a0ec0c1b8f81d469"
            ],
            "index": "pypi",
            "version": "==4.8.0"
        },
        "get": {
            "hashes": [
                "sha256:688268840f923255932154a52bdd40ffac467de4126835c43846e9e6f112844c"
            ],
            "version": "==2019.4.13"
        },
        "post": {
            "hashes": [
                "sha256:8fd57fb16f2c90ef4a76b04b8701c4db8ded170e53fac9514b5ea0272da5d36f"
            ],
            "version": "==2019.4.13"
        },
        "public": {
            "hashes": [
                "sha256:e1436a8a99693a9849dfe40b9158f3837b7c309c163b2d3f5b8e9fce23876db1"
            ],
            "version": "==2019.4.13"
        },
        "query-string": {
            "hashes": [
                "sha256:bb24e4f58849ef6f8219b2446c2bed076d86c97720ae9c3ae918625807394ca8"
            ],
            "version": "==2019.4.13"
        },
        "request": {
            "hashes": [
                "sha256:6297b53c29a4928f7735034df2ab60aa1c7c044df989f605a81b7dc2d3713732"
            ],
            "index": "pypi",
            "version": "==2019.4.13"
        },
        "soupsieve": {
            "hashes": [
                "sha256:72b5f1aea9101cf720a36bb2327ede866fd6f1a07b1e87c92a1cc18113cbc946",
                "sha256:e4e9c053d59795e440163733a7fec6c5972210e1790c507e4c7b051d6c5259de"
            ],
            "version": "==1.9.2"
        }
    },
    "develop": {}
}
